
Microsoft Visual Studio Solution File, Format Version 12.00
# Visual Studio Version 16
VisualStudioVersion = 16.0.30907.101
MinimumVisualStudioVersion = 10.0.40219.1
Project("{FAE04EC0-301F-11D3-BF4B-00C04F79EFBC}") = "Part 6 - Looping Proplems", "Part 6 - Looping Proplems.csproj", "{15EE6108-9611-4FCC-BFD0-0257F8C4DEA1}"
EndProject
Global
	GlobalSection(SolutionConfigurationPlatforms) = preSolution
		Debug|Any CPU = Debug|Any CPU
		Release|Any CPU = Release|Any CPU
	EndGlobalSection
	GlobalSection(ProjectConfigurationPlatforms) = postSolution
		{15EE6108-9611-4FCC-BFD0-0257F8C4DEA1}.Debug|Any CPU.ActiveCfg = Debug|Any CPU
		{15EE6108-9611-4FCC-BFD0-0257F8C4DEA1}.Debug|Any CPU.Build.0 = Debug|Any CPU
		{15EE6108-9611-4FCC-BFD0-0257F8C4DEA1}.Release|Any CPU.ActiveCfg = Release|Any CPU
		{15EE6108-9611-4FCC-BFD0-0257F8C4DEA1}.Release|Any CPU.Build.0 = Release|Any CPU
	EndGlobalSection
	GlobalSection(SolutionProperties) = preSolution
		HideSolutionNode = FALSE
	EndGlobalSection
	GlobalSection(ExtensibilityGlobals) = postSolution
		SolutionGuid = {A86737E9-079E-4A96-9C09-B6CC6CF99105}
	EndGlobalSection
EndGlobal
